// !$*UTF8*$!
{
	archiveVersion = 1;
	classes = {
	};
	objectVersion = 50;
	objects = {

/* Begin PBXBuildFile section */
		2F00D2B522CCD199006E132E /* PluginLayoutDelegate.swift in Sources */ = {isa = PBXBuildFile; fileRef = 2F00D2B322CCD194006E132E /* PluginLayoutDelegate.swift */; };
		2F0C065A22E9F1CB00CE1676 /* HorizontalFlowCalculator.swift in Sources */ = {isa = PBXBuildFile; fileRef = 2F0C065922E9F1CB00CE1676 /* HorizontalFlowCalculator.swift */; };
		2F0C065C22E9F1F900CE1676 /* VerticalFlowCalculator.swift in Sources */ = {isa = PBXBuildFile; fileRef = 2F0C065B22E9F1F900CE1676 /* VerticalFlowCalculator.swift */; };
		2F0C065E22E9F43800CE1676 /* LayoutCalculator.swift in Sources */ = {isa = PBXBuildFile; fileRef = 2F0C065D22E9F43800CE1676 /* LayoutCalculator.swift */; };
		70E71E4322C8F91C005674CD /* AppDelegate.swift in Sources */ = {isa = PBXBuildFile; fileRef = 70E71E4222C8F91C005674CD /* AppDelegate.swift */; };
		70E71E4522C8F91C005674CD /* SimpleViewController.swift in Sources */ = {isa = PBXBuildFile; fileRef = 70E71E4422C8F91C005674CD /* SimpleViewController.swift */; };
		70E71E4822C8F91C005674CD /* Main.storyboard in Resources */ = {isa = PBXBuildFile; fileRef = 70E71E4622C8F91C005674CD /* Main.storyboard */; };
		70E71E4A22C8F91E005674CD /* Assets.xcassets in Resources */ = {isa = PBXBuildFile; fileRef = 70E71E4922C8F91E005674CD /* Assets.xcassets */; };
		70E71E4D22C8F91E005674CD /* LaunchScreen.storyboard in Resources */ = {isa = PBXBuildFile; fileRef = 70E71E4B22C8F91E005674CD /* LaunchScreen.storyboard */; };
		70E71E6222C8F9B0005674CD /* PluginLayout.framework in Frameworks */ = {isa = PBXBuildFile; fileRef = 70E71E5B22C8F9B0005674CD /* PluginLayout.framework */; };
		70E71E6322C8F9B0005674CD /* PluginLayout.framework in Embed Frameworks */ = {isa = PBXBuildFile; fileRef = 70E71E5B22C8F9B0005674CD /* PluginLayout.framework */; settings = {ATTRIBUTES = (CodeSignOnCopy, RemoveHeadersOnCopy, ); }; };
		70E71E7322C8FA11005674CD /* PluginLayout.swift in Sources */ = {isa = PBXBuildFile; fileRef = 70E71E7222C8FA11005674CD /* PluginLayout.swift */; };
		70E71E7522C9064E005674CD /* Picture.swift in Sources */ = {isa = PBXBuildFile; fileRef = 70E71E7422C9064E005674CD /* Picture.swift */; };
		70E71E7722C907DD005674CD /* DataSource.swift in Sources */ = {isa = PBXBuildFile; fileRef = 70E71E7622C907DD005674CD /* DataSource.swift */; };
		70E71E7A22C9087C005674CD /* PictureCollectionViewCell.swift in Sources */ = {isa = PBXBuildFile; fileRef = 70E71E7822C9087C005674CD /* PictureCollectionViewCell.swift */; };
		70E71E7B22C9087C005674CD /* PictureCollectionViewCell.xib in Resources */ = {isa = PBXBuildFile; fileRef = 70E71E7922C9087C005674CD /* PictureCollectionViewCell.xib */; };
		70E71E7D22C910FE005674CD /* FlowLayoutPlugin.swift in Sources */ = {isa = PBXBuildFile; fileRef = 70E71E7C22C910FE005674CD /* FlowLayoutPlugin.swift */; };
		70E71E8022C91255005674CD /* GridLayoutPlugin.swift in Sources */ = {isa = PBXBuildFile; fileRef = 70E71E7F22C91255005674CD /* GridLayoutPlugin.swift */; };
		70E71E8422C9248C005674CD /* StaggeredLayoutPlugin.swift in Sources */ = {isa = PBXBuildFile; fileRef = 70E71E8322C9248C005674CD /* StaggeredLayoutPlugin.swift */; };
		70E71E8822C9428C005674CD /* MixedViewController.swift in Sources */ = {isa = PBXBuildFile; fileRef = 70E71E8722C9428C005674CD /* MixedViewController.swift */; };
		7B157B3C22E79FCB001A7BCF /* TabViewController.swift in Sources */ = {isa = PBXBuildFile; fileRef = 7B157B3B22E79FCB001A7BCF /* TabViewController.swift */; };
		7B157B4722E7A9CA001A7BCF /* Scene.swift in Sources */ = {isa = PBXBuildFile; fileRef = 7B157B4622E7A9CA001A7BCF /* Scene.swift */; };
		7B157B4922E7AA67001A7BCF /* StaggeredDelegate.swift in Sources */ = {isa = PBXBuildFile; fileRef = 7B157B4822E7AA67001A7BCF /* StaggeredDelegate.swift */; };
		7B157B4B22E7AE5F001A7BCF /* MosaicDelegate.swift in Sources */ = {isa = PBXBuildFile; fileRef = 7B157B4A22E7AE5F001A7BCF /* MosaicDelegate.swift */; };
		7B157B4D22E7B0F2001A7BCF /* GridDelegate.swift in Sources */ = {isa = PBXBuildFile; fileRef = 7B157B4C22E7B0F2001A7BCF /* GridDelegate.swift */; };
		7B157B5422EA3BC8001A7BCF /* HorizontalGridCalculator.swift in Sources */ = {isa = PBXBuildFile; fileRef = 7B157B5322EA3BC8001A7BCF /* HorizontalGridCalculator.swift */; };
		7B157B5622EA3BD2001A7BCF /* VerticalGridCalculator.swift in Sources */ = {isa = PBXBuildFile; fileRef = 7B157B5522EA3BD2001A7BCF /* VerticalGridCalculator.swift */; };
		7B57C34A22DB73D200E9EBF8 /* FlowLayout.swift in Sources */ = {isa = PBXBuildFile; fileRef = 7B57C34622DB719D00E9EBF8 /* FlowLayout.swift */; };
		7B57C34C22DB742D00E9EBF8 /* GridLayout.swift in Sources */ = {isa = PBXBuildFile; fileRef = 7B57C34B22DB742D00E9EBF8 /* GridLayout.swift */; };
		7B57C34E22DB771500E9EBF8 /* SingleLayout.swift in Sources */ = {isa = PBXBuildFile; fileRef = 7B57C34D22DB771500E9EBF8 /* SingleLayout.swift */; };
		7B57C35022DB795200E9EBF8 /* StaggeredLayout.swift in Sources */ = {isa = PBXBuildFile; fileRef = 7B57C34F22DB795200E9EBF8 /* StaggeredLayout.swift */; };
		7B57C35222DB864F00E9EBF8 /* MosaicLayoutPlugin.swift in Sources */ = {isa = PBXBuildFile; fileRef = 7B57C35122DB864F00E9EBF8 /* MosaicLayoutPlugin.swift */; };
		7B57C35422DB8AF800E9EBF8 /* MosaicLayout.swift in Sources */ = {isa = PBXBuildFile; fileRef = 7B57C35322DB8AF700E9EBF8 /* MosaicLayout.swift */; };
		7B57C35922E3573E00E9EBF8 /* Plugin.swift in Sources */ = {isa = PBXBuildFile; fileRef = 7B57C35722E3573A00E9EBF8 /* Plugin.swift */; };
		7B57C35C22E3578400E9EBF8 /* Plugin+Section.swift in Sources */ = {isa = PBXBuildFile; fileRef = 7B57C35A22E3577100E9EBF8 /* Plugin+Section.swift */; };
		7BA30DA022E663C600AAF618 /* TableLayoutPlugin.swift in Sources */ = {isa = PBXBuildFile; fileRef = 7BA30D9E22E663C500AAF618 /* TableLayoutPlugin.swift */; };
		7BA30DA122E663C600AAF618 /* CustomViewController.swift in Sources */ = {isa = PBXBuildFile; fileRef = 7BA30D9F22E663C600AAF618 /* CustomViewController.swift */; };
		7BA30DA722E6653F00AAF618 /* FlowDelegate.swift in Sources */ = {isa = PBXBuildFile; fileRef = 7BA30DA622E6653F00AAF618 /* FlowDelegate.swift */; };
		7BAF754C22E78067007F0835 /* CollectionViewController.swift in Sources */ = {isa = PBXBuildFile; fileRef = 7BAF754B22E78067007F0835 /* CollectionViewController.swift */; };
		7BB795C922D92D6100733085 /* SupplementaryCollectionViewCell.swift in Sources */ = {isa = PBXBuildFile; fileRef = 7BB795C722D92D6100733085 /* SupplementaryCollectionViewCell.swift */; };
		7BB795CA22D92D6100733085 /* SupplementaryCollectionViewCell.xib in Resources */ = {isa = PBXBuildFile; fileRef = 7BB795C822D92D6100733085 /* SupplementaryCollectionViewCell.xib */; };
/* End PBXBuildFile section */

/* Begin PBXContainerItemProxy section */
		70E71E6022C8F9B0005674CD /* PBXContainerItemProxy */ = {
			isa = PBXContainerItemProxy;
			containerPortal = 70E71E3722C8F91C005674CD /* Project object */;
			proxyType = 1;
			remoteGlobalIDString = 70E71E5A22C8F9B0005674CD;
			remoteInfo = PluginLayout;
		};
/* End PBXContainerItemProxy section */

/* Begin PBXCopyFilesBuildPhase section */
		70E71E6722C8F9B0005674CD /* Embed Frameworks */ = {
			isa = PBXCopyFilesBuildPhase;
			buildActionMask = 2147483647;
			dstPath = "";
			dstSubfolderSpec = 10;
			files = (
				70E71E6322C8F9B0005674CD /* PluginLayout.framework in Embed Frameworks */,
			);
			name = "Embed Frameworks";
			runOnlyForDeploymentPostprocessing = 0;
		};
/* End PBXCopyFilesBuildPhase section */

/* Begin PBXFileReference section */
		2F00D2B322CCD194006E132E /* PluginLayoutDelegate.swift */ = {isa = PBXFileReference; lastKnownFileType = sourcecode.swift; path = PluginLayoutDelegate.swift; sourceTree = "<group>"; };
		2F0C065922E9F1CB00CE1676 /* HorizontalFlowCalculator.swift */ = {isa = PBXFileReference; lastKnownFileType = sourcecode.swift; path = HorizontalFlowCalculator.swift; sourceTree = "<group>"; };
		2F0C065B22E9F1F900CE1676 /* VerticalFlowCalculator.swift */ = {isa = PBXFileReference; lastKnownFileType = sourcecode.swift; path = VerticalFlowCalculator.swift; sourceTree = "<group>"; };
		2F0C065D22E9F43800CE1676 /* LayoutCalculator.swift */ = {isa = PBXFileReference; lastKnownFileType = sourcecode.swift; path = LayoutCalculator.swift; sourceTree = "<group>"; };
		70E71E3F22C8F91C005674CD /* Example.app */ = {isa = PBXFileReference; explicitFileType = wrapper.application; includeInIndex = 0; path = Example.app; sourceTree = BUILT_PRODUCTS_DIR; };
		70E71E4222C8F91C005674CD /* AppDelegate.swift */ = {isa = PBXFileReference; lastKnownFileType = sourcecode.swift; path = AppDelegate.swift; sourceTree = "<group>"; };
		70E71E4422C8F91C005674CD /* SimpleViewController.swift */ = {isa = PBXFileReference; lastKnownFileType = sourcecode.swift; path = SimpleViewController.swift; sourceTree = "<group>"; };
		70E71E4722C8F91C005674CD /* Base */ = {isa = PBXFileReference; lastKnownFileType = file.storyboard; name = Base; path = Base.lproj/Main.storyboard; sourceTree = "<group>"; };
		70E71E4922C8F91E005674CD /* Assets.xcassets */ = {isa = PBXFileReference; lastKnownFileType = folder.assetcatalog; path = Assets.xcassets; sourceTree = "<group>"; };
		70E71E4C22C8F91E005674CD /* Base */ = {isa = PBXFileReference; lastKnownFileType = file.storyboard; name = Base; path = Base.lproj/LaunchScreen.storyboard; sourceTree = "<group>"; };
		70E71E4E22C8F91E005674CD /* Info.plist */ = {isa = PBXFileReference; lastKnownFileType = text.plist.xml; path = Info.plist; sourceTree = "<group>"; };
		70E71E5B22C8F9B0005674CD /* PluginLayout.framework */ = {isa = PBXFileReference; explicitFileType = wrapper.framework; includeInIndex = 0; path = PluginLayout.framework; sourceTree = BUILT_PRODUCTS_DIR; };
		70E71E6E22C8F9F7005674CD /* PluginLayout.h */ = {isa = PBXFileReference; fileEncoding = 4; lastKnownFileType = sourcecode.c.h; path = PluginLayout.h; sourceTree = "<group>"; };
		70E71E6F22C8F9F7005674CD /* Info.plist */ = {isa = PBXFileReference; fileEncoding = 4; lastKnownFileType = text.plist.xml; path = Info.plist; sourceTree = "<group>"; };
		70E71E7222C8FA11005674CD /* PluginLayout.swift */ = {isa = PBXFileReference; lastKnownFileType = sourcecode.swift; path = PluginLayout.swift; sourceTree = "<group>"; };
		70E71E7422C9064E005674CD /* Picture.swift */ = {isa = PBXFileReference; lastKnownFileType = sourcecode.swift; path = Picture.swift; sourceTree = "<group>"; };
		70E71E7622C907DD005674CD /* DataSource.swift */ = {isa = PBXFileReference; lastKnownFileType = sourcecode.swift; path = DataSource.swift; sourceTree = "<group>"; };
		70E71E7822C9087C005674CD /* PictureCollectionViewCell.swift */ = {isa = PBXFileReference; lastKnownFileType = sourcecode.swift; path = PictureCollectionViewCell.swift; sourceTree = "<group>"; };
		70E71E7922C9087C005674CD /* PictureCollectionViewCell.xib */ = {isa = PBXFileReference; lastKnownFileType = file.xib; path = PictureCollectionViewCell.xib; sourceTree = "<group>"; };
		70E71E7C22C910FE005674CD /* FlowLayoutPlugin.swift */ = {isa = PBXFileReference; lastKnownFileType = sourcecode.swift; path = FlowLayoutPlugin.swift; sourceTree = "<group>"; };
		70E71E7F22C91255005674CD /* GridLayoutPlugin.swift */ = {isa = PBXFileReference; lastKnownFileType = sourcecode.swift; path = GridLayoutPlugin.swift; sourceTree = "<group>"; };
		70E71E8322C9248C005674CD /* StaggeredLayoutPlugin.swift */ = {isa = PBXFileReference; lastKnownFileType = sourcecode.swift; path = StaggeredLayoutPlugin.swift; sourceTree = "<group>"; };
		70E71E8722C9428C005674CD /* MixedViewController.swift */ = {isa = PBXFileReference; lastKnownFileType = sourcecode.swift; path = MixedViewController.swift; sourceTree = "<group>"; };
		7B157B3B22E79FCB001A7BCF /* TabViewController.swift */ = {isa = PBXFileReference; lastKnownFileType = sourcecode.swift; path = TabViewController.swift; sourceTree = "<group>"; };
		7B157B4622E7A9CA001A7BCF /* Scene.swift */ = {isa = PBXFileReference; lastKnownFileType = sourcecode.swift; path = Scene.swift; sourceTree = "<group>"; };
		7B157B4822E7AA67001A7BCF /* StaggeredDelegate.swift */ = {isa = PBXFileReference; lastKnownFileType = sourcecode.swift; path = StaggeredDelegate.swift; sourceTree = "<group>"; };
		7B157B4A22E7AE5F001A7BCF /* MosaicDelegate.swift */ = {isa = PBXFileReference; lastKnownFileType = sourcecode.swift; path = MosaicDelegate.swift; sourceTree = "<group>"; };
		7B157B4C22E7B0F2001A7BCF /* GridDelegate.swift */ = {isa = PBXFileReference; lastKnownFileType = sourcecode.swift; path = GridDelegate.swift; sourceTree = "<group>"; };
		7B157B5322EA3BC8001A7BCF /* HorizontalGridCalculator.swift */ = {isa = PBXFileReference; lastKnownFileType = sourcecode.swift; path = HorizontalGridCalculator.swift; sourceTree = "<group>"; };
		7B157B5522EA3BD2001A7BCF /* VerticalGridCalculator.swift */ = {isa = PBXFileReference; lastKnownFileType = sourcecode.swift; path = VerticalGridCalculator.swift; sourceTree = "<group>"; };
		7B57C34622DB719D00E9EBF8 /* FlowLayout.swift */ = {isa = PBXFileReference; lastKnownFileType = sourcecode.swift; path = FlowLayout.swift; sourceTree = "<group>"; };
		7B57C34B22DB742D00E9EBF8 /* GridLayout.swift */ = {isa = PBXFileReference; lastKnownFileType = sourcecode.swift; path = GridLayout.swift; sourceTree = "<group>"; };
		7B57C34D22DB771500E9EBF8 /* SingleLayout.swift */ = {isa = PBXFileReference; lastKnownFileType = sourcecode.swift; path = SingleLayout.swift; sourceTree = "<group>"; };
		7B57C34F22DB795200E9EBF8 /* StaggeredLayout.swift */ = {isa = PBXFileReference; lastKnownFileType = sourcecode.swift; path = StaggeredLayout.swift; sourceTree = "<group>"; };
		7B57C35122DB864F00E9EBF8 /* MosaicLayoutPlugin.swift */ = {isa = PBXFileReference; lastKnownFileType = sourcecode.swift; path = MosaicLayoutPlugin.swift; sourceTree = "<group>"; };
		7B57C35322DB8AF700E9EBF8 /* MosaicLayout.swift */ = {isa = PBXFileReference; lastKnownFileType = sourcecode.swift; path = MosaicLayout.swift; sourceTree = "<group>"; };
		7B57C35722E3573A00E9EBF8 /* Plugin.swift */ = {isa = PBXFileReference; lastKnownFileType = sourcecode.swift; path = Plugin.swift; sourceTree = "<group>"; };
		7B57C35A22E3577100E9EBF8 /* Plugin+Section.swift */ = {isa = PBXFileReference; lastKnownFileType = sourcecode.swift; path = "Plugin+Section.swift"; sourceTree = "<group>"; };
		7BA30D9E22E663C500AAF618 /* TableLayoutPlugin.swift */ = {isa = PBXFileReference; fileEncoding = 4; lastKnownFileType = sourcecode.swift; path = TableLayoutPlugin.swift; sourceTree = "<group>"; };
		7BA30D9F22E663C600AAF618 /* CustomViewController.swift */ = {isa = PBXFileReference; fileEncoding = 4; lastKnownFileType = sourcecode.swift; path = CustomViewController.swift; sourceTree = "<group>"; };
		7BA30DA322E663DE00AAF618 /* README.md */ = {isa = PBXFileReference; lastKnownFileType = net.daringfireball.markdown; path = README.md; sourceTree = "<group>"; };
		7BA30DA422E663DE00AAF618 /* LICENSE.md */ = {isa = PBXFileReference; lastKnownFileType = net.daringfireball.markdown; path = LICENSE.md; sourceTree = "<group>"; };
		7BA30DA522E663DE00AAF618 /* PluginLayout.podspec */ = {isa = PBXFileReference; lastKnownFileType = text; path = PluginLayout.podspec; sourceTree = "<group>"; };
		7BA30DA622E6653F00AAF618 /* FlowDelegate.swift */ = {isa = PBXFileReference; lastKnownFileType = sourcecode.swift; path = FlowDelegate.swift; sourceTree = "<group>"; };
		7BAF754B22E78067007F0835 /* CollectionViewController.swift */ = {isa = PBXFileReference; lastKnownFileType = sourcecode.swift; path = CollectionViewController.swift; sourceTree = "<group>"; };
		7BB795C722D92D6100733085 /* SupplementaryCollectionViewCell.swift */ = {isa = PBXFileReference; lastKnownFileType = sourcecode.swift; path = SupplementaryCollectionViewCell.swift; sourceTree = "<group>"; };
		7BB795C822D92D6100733085 /* SupplementaryCollectionViewCell.xib */ = {isa = PBXFileReference; lastKnownFileType = file.xib; path = SupplementaryCollectionViewCell.xib; sourceTree = "<group>"; };
/* End PBXFileReference section */

/* Begin PBXFrameworksBuildPhase section */
		70E71E3C22C8F91C005674CD /* Frameworks */ = {
			isa = PBXFrameworksBuildPhase;
			buildActionMask = 2147483647;
			files = (
				70E71E6222C8F9B0005674CD /* PluginLayout.framework in Frameworks */,
			);
			runOnlyForDeploymentPostprocessing = 0;
		};
		70E71E5822C8F9B0005674CD /* Frameworks */ = {
			isa = PBXFrameworksBuildPhase;
			buildActionMask = 2147483647;
			files = (
			);
			runOnlyForDeploymentPostprocessing = 0;
		};
/* End PBXFrameworksBuildPhase section */

/* Begin PBXGroup section */
		2F00D2B222CCD181006E132E /* Plugins */ = {
			isa = PBXGroup;
			children = (
				2F0C065822E9F1A800CE1676 /* FlowLayoutPlugin */,
				7B157B5022EA3AF8001A7BCF /* GridLayoutPlugin */,
				70E71E8322C9248C005674CD /* StaggeredLayoutPlugin.swift */,
				7B57C35122DB864F00E9EBF8 /* MosaicLayoutPlugin.swift */,
			);
			path = Plugins;
			sourceTree = "<group>";
		};
		2F0C065822E9F1A800CE1676 /* FlowLayoutPlugin */ = {
			isa = PBXGroup;
			children = (
				70E71E7C22C910FE005674CD /* FlowLayoutPlugin.swift */,
				2F0C065D22E9F43800CE1676 /* LayoutCalculator.swift */,
				2F0C065922E9F1CB00CE1676 /* HorizontalFlowCalculator.swift */,
				2F0C065B22E9F1F900CE1676 /* VerticalFlowCalculator.swift */,
			);
			path = FlowLayoutPlugin;
			sourceTree = "<group>";
		};
		70E71E3622C8F91C005674CD = {
			isa = PBXGroup;
			children = (
				7BA30DA222E663CF00AAF618 /* Extras */,
				70E71E6D22C8F9F7005674CD /* Sources */,
				70E71E5422C8F955005674CD /* Example */,
				70E71E4022C8F91C005674CD /* Products */,
			);
			sourceTree = "<group>";
		};
		70E71E4022C8F91C005674CD /* Products */ = {
			isa = PBXGroup;
			children = (
				70E71E3F22C8F91C005674CD /* Example.app */,
				70E71E5B22C8F9B0005674CD /* PluginLayout.framework */,
			);
			name = Products;
			sourceTree = "<group>";
		};
		70E71E5422C8F955005674CD /* Example */ = {
			isa = PBXGroup;
			children = (
				7B157B4122E7A927001A7BCF /* Model */,
				7B157B3F22E7A90E001A7BCF /* ViewControllers */,
				7B157B4522E7A99C001A7BCF /* Views */,
				7B157B4322E7A979001A7BCF /* CustomPlugins */,
				7B157B3E22E7A903001A7BCF /* DataSource */,
				7B157B3D22E7A8DC001A7BCF /* Delegates */,
				70E71E4222C8F91C005674CD /* AppDelegate.swift */,
				70E71E4E22C8F91E005674CD /* Info.plist */,
				70E71E4622C8F91C005674CD /* Main.storyboard */,
				70E71E4922C8F91E005674CD /* Assets.xcassets */,
				70E71E4B22C8F91E005674CD /* LaunchScreen.storyboard */,
			);
			path = Example;
			sourceTree = "<group>";
		};
		70E71E6D22C8F9F7005674CD /* Sources */ = {
			isa = PBXGroup;
			children = (
				7B57C34522DB716E00E9EBF8 /* Layouts */,
				2F00D2B222CCD181006E132E /* Plugins */,
				70E71E6E22C8F9F7005674CD /* PluginLayout.h */,
				2F00D2B322CCD194006E132E /* PluginLayoutDelegate.swift */,
				7B57C35722E3573A00E9EBF8 /* Plugin.swift */,
				7B57C35A22E3577100E9EBF8 /* Plugin+Section.swift */,
				70E71E7222C8FA11005674CD /* PluginLayout.swift */,
				70E71E6F22C8F9F7005674CD /* Info.plist */,
			);
			path = Sources;
			sourceTree = SOURCE_ROOT;
		};
		70E71E7E22C9113D005674CD /* PictureCell */ = {
			isa = PBXGroup;
			children = (
				70E71E7822C9087C005674CD /* PictureCollectionViewCell.swift */,
				70E71E7922C9087C005674CD /* PictureCollectionViewCell.xib */,
			);
			path = PictureCell;
			sourceTree = "<group>";
		};
		7B157B3D22E7A8DC001A7BCF /* Delegates */ = {
			isa = PBXGroup;
			children = (
				7BA30DA622E6653F00AAF618 /* FlowDelegate.swift */,
				7B157B4C22E7B0F2001A7BCF /* GridDelegate.swift */,
				7B157B4A22E7AE5F001A7BCF /* MosaicDelegate.swift */,
				7B157B4822E7AA67001A7BCF /* StaggeredDelegate.swift */,
			);
			path = Delegates;
			sourceTree = "<group>";
		};
		7B157B3E22E7A903001A7BCF /* DataSource */ = {
			isa = PBXGroup;
			children = (
				70E71E7622C907DD005674CD /* DataSource.swift */,
			);
			path = DataSource;
			sourceTree = "<group>";
		};
		7B157B3F22E7A90E001A7BCF /* ViewControllers */ = {
			isa = PBXGroup;
			children = (
				7B157B4222E7A953001A7BCF /* Tab */,
				7B157B4022E7A916001A7BCF /* Generic */,
				70E71E4422C8F91C005674CD /* SimpleViewController.swift */,
				70E71E8722C9428C005674CD /* MixedViewController.swift */,
				7BA30D9F22E663C600AAF618 /* CustomViewController.swift */,
			);
			path = ViewControllers;
			sourceTree = "<group>";
		};
		7B157B4022E7A916001A7BCF /* Generic */ = {
			isa = PBXGroup;
			children = (
				7BAF754B22E78067007F0835 /* CollectionViewController.swift */,
			);
			path = Generic;
			sourceTree = "<group>";
		};
		7B157B4122E7A927001A7BCF /* Model */ = {
			isa = PBXGroup;
			children = (
				70E71E7422C9064E005674CD /* Picture.swift */,
				7B157B4622E7A9CA001A7BCF /* Scene.swift */,
			);
			path = Model;
			sourceTree = "<group>";
		};
		7B157B4222E7A953001A7BCF /* Tab */ = {
			isa = PBXGroup;
			children = (
				7B157B3B22E79FCB001A7BCF /* TabViewController.swift */,
			);
			path = Tab;
			sourceTree = "<group>";
		};
		7B157B4322E7A979001A7BCF /* CustomPlugins */ = {
			isa = PBXGroup;
			children = (
				7BA30D9E22E663C500AAF618 /* TableLayoutPlugin.swift */,
			);
			path = CustomPlugins;
			sourceTree = "<group>";
		};
		7B157B4522E7A99C001A7BCF /* Views */ = {
			isa = PBXGroup;
			children = (
				7BB795CB22D92D6700733085 /* SupplementaryCell */,
				70E71E7E22C9113D005674CD /* PictureCell */,
			);
			path = Views;
			sourceTree = "<group>";
		};
		7B157B5022EA3AF8001A7BCF /* GridLayoutPlugin */ = {
			isa = PBXGroup;
			children = (
				70E71E7F22C91255005674CD /* GridLayoutPlugin.swift */,
				7B157B5322EA3BC8001A7BCF /* HorizontalGridCalculator.swift */,
				7B157B5522EA3BD2001A7BCF /* VerticalGridCalculator.swift */,
			);
			path = GridLayoutPlugin;
			sourceTree = "<group>";
		};
		7B57C34522DB716E00E9EBF8 /* Layouts */ = {
			isa = PBXGroup;
			children = (
				7B57C34D22DB771500E9EBF8 /* SingleLayout.swift */,
				7B57C34B22DB742D00E9EBF8 /* GridLayout.swift */,
				7B57C34F22DB795200E9EBF8 /* StaggeredLayout.swift */,
				7B57C35322DB8AF700E9EBF8 /* MosaicLayout.swift */,
				7B57C34622DB719D00E9EBF8 /* FlowLayout.swift */,
			);
			path = Layouts;
			sourceTree = "<group>";
		};
		7BA30DA222E663CF00AAF618 /* Extras */ = {
			isa = PBXGroup;
			children = (
				7BA30DA422E663DE00AAF618 /* LICENSE.md */,
				7BA30DA522E663DE00AAF618 /* PluginLayout.podspec */,
				7BA30DA322E663DE00AAF618 /* README.md */,
			);
			name = Extras;
			sourceTree = "<group>";
		};
		7BB795CB22D92D6700733085 /* SupplementaryCell */ = {
			isa = PBXGroup;
			children = (
				7BB795C722D92D6100733085 /* SupplementaryCollectionViewCell.swift */,
				7BB795C822D92D6100733085 /* SupplementaryCollectionViewCell.xib */,
			);
			path = SupplementaryCell;
			sourceTree = "<group>";
		};
/* End PBXGroup section */

/* Begin PBXHeadersBuildPhase section */
		70E71E5622C8F9B0005674CD /* Headers */ = {
			isa = PBXHeadersBuildPhase;
			buildActionMask = 2147483647;
			files = (
			);
			runOnlyForDeploymentPostprocessing = 0;
		};
/* End PBXHeadersBuildPhase section */

/* Begin PBXNativeTarget section */
		70E71E3E22C8F91C005674CD /* Example */ = {
			isa = PBXNativeTarget;
			buildConfigurationList = 70E71E5122C8F91E005674CD /* Build configuration list for PBXNativeTarget "Example" */;
			buildPhases = (
				70E71E3B22C8F91C005674CD /* Sources */,
				70E71E3C22C8F91C005674CD /* Frameworks */,
				70E71E3D22C8F91C005674CD /* Resources */,
				70E71E6722C8F9B0005674CD /* Embed Frameworks */,
			);
			buildRules = (
			);
			dependencies = (
				70E71E6122C8F9B0005674CD /* PBXTargetDependency */,
			);
			name = Example;
			productName = PluginLayout;
			productReference = 70E71E3F22C8F91C005674CD /* Example.app */;
			productType = "com.apple.product-type.application";
		};
		70E71E5A22C8F9B0005674CD /* PluginLayout */ = {
			isa = PBXNativeTarget;
			buildConfigurationList = 70E71E6422C8F9B0005674CD /* Build configuration list for PBXNativeTarget "PluginLayout" */;
			buildPhases = (
				70E71E5622C8F9B0005674CD /* Headers */,
				70E71E5722C8F9B0005674CD /* Sources */,
				70E71E5822C8F9B0005674CD /* Frameworks */,
				70E71E5922C8F9B0005674CD /* Resources */,
			);
			buildRules = (
			);
			dependencies = (
			);
			name = PluginLayout;
			productName = PluginLayout;
			productReference = 70E71E5B22C8F9B0005674CD /* PluginLayout.framework */;
			productType = "com.apple.product-type.framework";
		};
/* End PBXNativeTarget section */

/* Begin PBXProject section */
		70E71E3722C8F91C005674CD /* Project object */ = {
			isa = PBXProject;
			attributes = {
				LastSwiftUpdateCheck = 1020;
				LastUpgradeCheck = 1020;
				ORGANIZATIONNAME = "Stefano Mondino";
				TargetAttributes = {
					70E71E3E22C8F91C005674CD = {
						CreatedOnToolsVersion = 10.2.1;
					};
					70E71E5A22C8F9B0005674CD = {
						CreatedOnToolsVersion = 10.2.1;
						LastSwiftMigration = 1020;
					};
				};
			};
			buildConfigurationList = 70E71E3A22C8F91C005674CD /* Build configuration list for PBXProject "PluginLayout" */;
			compatibilityVersion = "Xcode 9.3";
			developmentRegion = en;
			hasScannedForEncodings = 0;
			knownRegions = (
				en,
				Base,
			);
			mainGroup = 70E71E3622C8F91C005674CD;
			productRefGroup = 70E71E4022C8F91C005674CD /* Products */;
			projectDirPath = "";
			projectRoot = "";
			targets = (
				70E71E3E22C8F91C005674CD /* Example */,
				70E71E5A22C8F9B0005674CD /* PluginLayout */,
			);
		};
/* End PBXProject section */

/* Begin PBXResourcesBuildPhase section */
		70E71E3D22C8F91C005674CD /* Resources */ = {
			isa = PBXResourcesBuildPhase;
			buildActionMask = 2147483647;
			files = (
				70E71E4D22C8F91E005674CD /* LaunchScreen.storyboard in Resources */,
				70E71E7B22C9087C005674CD /* PictureCollectionViewCell.xib in Resources */,
				70E71E4A22C8F91E005674CD /* Assets.xcassets in Resources */,
				70E71E4822C8F91C005674CD /* Main.storyboard in Resources */,
				7BB795CA22D92D6100733085 /* SupplementaryCollectionViewCell.xib in Resources */,
			);
			runOnlyForDeploymentPostprocessing = 0;
		};
		70E71E5922C8F9B0005674CD /* Resources */ = {
			isa = PBXResourcesBuildPhase;
			buildActionMask = 2147483647;
			files = (
			);
			runOnlyForDeploymentPostprocessing = 0;
		};
/* End PBXResourcesBuildPhase section */

/* Begin PBXSourcesBuildPhase section */
		70E71E3B22C8F91C005674CD /* Sources */ = {
			isa = PBXSourcesBuildPhase;
			buildActionMask = 2147483647;
			files = (
				70E71E7522C9064E005674CD /* Picture.swift in Sources */,
				70E71E8822C9428C005674CD /* MixedViewController.swift in Sources */,
				7B157B4922E7AA67001A7BCF /* StaggeredDelegate.swift in Sources */,
				7B157B4D22E7B0F2001A7BCF /* GridDelegate.swift in Sources */,
				7B157B3C22E79FCB001A7BCF /* TabViewController.swift in Sources */,
				7B157B4722E7A9CA001A7BCF /* Scene.swift in Sources */,
				7BA30DA122E663C600AAF618 /* CustomViewController.swift in Sources */,
				7BAF754C22E78067007F0835 /* CollectionViewController.swift in Sources */,
				70E71E4522C8F91C005674CD /* SimpleViewController.swift in Sources */,
				7BA30DA022E663C600AAF618 /* TableLayoutPlugin.swift in Sources */,
				7BA30DA722E6653F00AAF618 /* FlowDelegate.swift in Sources */,
				70E71E7A22C9087C005674CD /* PictureCollectionViewCell.swift in Sources */,
				7BB795C922D92D6100733085 /* SupplementaryCollectionViewCell.swift in Sources */,
				7B157B4B22E7AE5F001A7BCF /* MosaicDelegate.swift in Sources */,
				70E71E7722C907DD005674CD /* DataSource.swift in Sources */,
				70E71E4322C8F91C005674CD /* AppDelegate.swift in Sources */,
			);
			runOnlyForDeploymentPostprocessing = 0;
		};
		70E71E5722C8F9B0005674CD /* Sources */ = {
			isa = PBXSourcesBuildPhase;
			buildActionMask = 2147483647;
			files = (
				7B57C35C22E3578400E9EBF8 /* Plugin+Section.swift in Sources */,
				7B57C34C22DB742D00E9EBF8 /* GridLayout.swift in Sources */,
				7B157B5622EA3BD2001A7BCF /* VerticalGridCalculator.swift in Sources */,
				2F0C065A22E9F1CB00CE1676 /* HorizontalFlowCalculator.swift in Sources */,
				7B57C35022DB795200E9EBF8 /* StaggeredLayout.swift in Sources */,
				70E71E8422C9248C005674CD /* StaggeredLayoutPlugin.swift in Sources */,
				7B157B5422EA3BC8001A7BCF /* HorizontalGridCalculator.swift in Sources */,
				7B57C34A22DB73D200E9EBF8 /* FlowLayout.swift in Sources */,
				2F0C065C22E9F1F900CE1676 /* VerticalFlowCalculator.swift in Sources */,
				7B57C35222DB864F00E9EBF8 /* MosaicLayoutPlugin.swift in Sources */,
				2F00D2B522CCD199006E132E /* PluginLayoutDelegate.swift in Sources */,
				7B57C35922E3573E00E9EBF8 /* Plugin.swift in Sources */,
				70E71E7D22C910FE005674CD /* FlowLayoutPlugin.swift in Sources */,
				70E71E8022C91255005674CD /* GridLayoutPlugin.swift in Sources */,
				2F0C065E22E9F43800CE1676 /* LayoutCalculator.swift in Sources */,
				7B57C35422DB8AF800E9EBF8 /* MosaicLayout.swift in Sources */,
				70E71E7322C8FA11005674CD /* PluginLayout.swift in Sources */,
				7B57C34E22DB771500E9EBF8 /* SingleLayout.swift in Sources */,
			);
			runOnlyForDeploymentPostprocessing = 0;
		};
/* End PBXSourcesBuildPhase section */

/* Begin PBXTargetDependency section */
		70E71E6122C8F9B0005674CD /* PBXTargetDependency */ = {
			isa = PBXTargetDependency;
			target = 70E71E5A22C8F9B0005674CD /* PluginLayout */;
			targetProxy = 70E71E6022C8F9B0005674CD /* PBXContainerItemProxy */;
		};
/* End PBXTargetDependency section */

/* Begin PBXVariantGroup section */
		70E71E4622C8F91C005674CD /* Main.storyboard */ = {
			isa = PBXVariantGroup;
			children = (
				70E71E4722C8F91C005674CD /* Base */,
			);
			name = Main.storyboard;
			sourceTree = "<group>";
		};
		70E71E4B22C8F91E005674CD /* LaunchScreen.storyboard */ = {
			isa = PBXVariantGroup;
			children = (
				70E71E4C22C8F91E005674CD /* Base */,
			);
			name = LaunchScreen.storyboard;
			sourceTree = "<group>";
		};
/* End PBXVariantGroup section */

/* Begin XCBuildConfiguration section */
		70E71E4F22C8F91E005674CD /* Debug */ = {
			isa = XCBuildConfiguration;
			buildSettings = {
				ALWAYS_SEARCH_USER_PATHS = NO;
				CLANG_ANALYZER_NONNULL = YES;
				CLANG_ANALYZER_NUMBER_OBJECT_CONVERSION = YES_AGGRESSIVE;
				CLANG_CXX_LANGUAGE_STANDARD = "gnu++14";
				CLANG_CXX_LIBRARY = "libc++";
				CLANG_ENABLE_MODULES = YES;
				CLANG_ENABLE_OBJC_ARC = YES;
				CLANG_ENABLE_OBJC_WEAK = YES;
				CLANG_WARN_BLOCK_CAPTURE_AUTORELEASING = YES;
				CLANG_WARN_BOOL_CONVERSION = YES;
				CLANG_WARN_COMMA = YES;
				CLANG_WARN_CONSTANT_CONVERSION = YES;
				CLANG_WARN_DEPRECATED_OBJC_IMPLEMENTATIONS = YES;
				CLANG_WARN_DIRECT_OBJC_ISA_USAGE = YES_ERROR;
				CLANG_WARN_DOCUMENTATION_COMMENTS = YES;
				CLANG_WARN_EMPTY_BODY = YES;
				CLANG_WARN_ENUM_CONVERSION = YES;
				CLANG_WARN_INFINITE_RECURSION = YES;
				CLANG_WARN_INT_CONVERSION = YES;
				CLANG_WARN_NON_LITERAL_NULL_CONVERSION = YES;
				CLANG_WARN_OBJC_IMPLICIT_RETAIN_SELF = YES;
				CLANG_WARN_OBJC_LITERAL_CONVERSION = YES;
				CLANG_WARN_OBJC_ROOT_CLASS = YES_ERROR;
				CLANG_WARN_RANGE_LOOP_ANALYSIS = YES;
				CLANG_WARN_STRICT_PROTOTYPES = YES;
				CLANG_WARN_SUSPICIOUS_MOVE = YES;
				CLANG_WARN_UNGUARDED_AVAILABILITY = YES_AGGRESSIVE;
				CLANG_WARN_UNREACHABLE_CODE = YES;
				CLANG_WARN__DUPLICATE_METHOD_MATCH = YES;
				CODE_SIGN_IDENTITY = "iPhone Developer";
				COPY_PHASE_STRIP = NO;
				DEBUG_INFORMATION_FORMAT = dwarf;
				ENABLE_STRICT_OBJC_MSGSEND = YES;
				ENABLE_TESTABILITY = YES;
				GCC_C_LANGUAGE_STANDARD = gnu11;
				GCC_DYNAMIC_NO_PIC = NO;
				GCC_NO_COMMON_BLOCKS = YES;
				GCC_OPTIMIZATION_LEVEL = 0;
				GCC_PREPROCESSOR_DEFINITIONS = (
					"DEBUG=1",
					"$(inherited)",
				);
				GCC_WARN_64_TO_32_BIT_CONVERSION = YES;
				GCC_WARN_ABOUT_RETURN_TYPE = YES_ERROR;
				GCC_WARN_UNDECLARED_SELECTOR = YES;
				GCC_WARN_UNINITIALIZED_AUTOS = YES_AGGRESSIVE;
				GCC_WARN_UNUSED_FUNCTION = YES;
				GCC_WARN_UNUSED_VARIABLE = YES;
				IPHONEOS_DEPLOYMENT_TARGET = 9.0;
				MTL_ENABLE_DEBUG_INFO = INCLUDE_SOURCE;
				MTL_FAST_MATH = YES;
				ONLY_ACTIVE_ARCH = YES;
				SDKROOT = iphoneos;
				SWIFT_ACTIVE_COMPILATION_CONDITIONS = DEBUG;
				SWIFT_OPTIMIZATION_LEVEL = "-Onone";
			};
			name = Debug;
		};
		70E71E5022C8F91E005674CD /* Release */ = {
			isa = XCBuildConfiguration;
			buildSettings = {
				ALWAYS_SEARCH_USER_PATHS = NO;
				CLANG_ANALYZER_NONNULL = YES;
				CLANG_ANALYZER_NUMBER_OBJECT_CONVERSION = YES_AGGRESSIVE;
				CLANG_CXX_LANGUAGE_STANDARD = "gnu++14";
				CLANG_CXX_LIBRARY = "libc++";
				CLANG_ENABLE_MODULES = YES;
				CLANG_ENABLE_OBJC_ARC = YES;
				CLANG_ENABLE_OBJC_WEAK = YES;
				CLANG_WARN_BLOCK_CAPTURE_AUTORELEASING = YES;
				CLANG_WARN_BOOL_CONVERSION = YES;
				CLANG_WARN_COMMA = YES;
				CLANG_WARN_CONSTANT_CONVERSION = YES;
				CLANG_WARN_DEPRECATED_OBJC_IMPLEMENTATIONS = YES;
				CLANG_WARN_DIRECT_OBJC_ISA_USAGE = YES_ERROR;
				CLANG_WARN_DOCUMENTATION_COMMENTS = YES;
				CLANG_WARN_EMPTY_BODY = YES;
				CLANG_WARN_ENUM_CONVERSION = YES;
				CLANG_WARN_INFINITE_RECURSION = YES;
				CLANG_WARN_INT_CONVERSION = YES;
				CLANG_WARN_NON_LITERAL_NULL_CONVERSION = YES;
				CLANG_WARN_OBJC_IMPLICIT_RETAIN_SELF = YES;
				CLANG_WARN_OBJC_LITERAL_CONVERSION = YES;
				CLANG_WARN_OBJC_ROOT_CLASS = YES_ERROR;
				CLANG_WARN_RANGE_LOOP_ANALYSIS = YES;
				CLANG_WARN_STRICT_PROTOTYPES = YES;
				CLANG_WARN_SUSPICIOUS_MOVE = YES;
				CLANG_WARN_UNGUARDED_AVAILABILITY = YES_AGGRESSIVE;
				CLANG_WARN_UNREACHABLE_CODE = YES;
				CLANG_WARN__DUPLICATE_METHOD_MATCH = YES;
				CODE_SIGN_IDENTITY = "iPhone Developer";
				COPY_PHASE_STRIP = NO;
				DEBUG_INFORMATION_FORMAT = "dwarf-with-dsym";
				ENABLE_NS_ASSERTIONS = NO;
				ENABLE_STRICT_OBJC_MSGSEND = YES;
				GCC_C_LANGUAGE_STANDARD = gnu11;
				GCC_NO_COMMON_BLOCKS = YES;
				GCC_WARN_64_TO_32_BIT_CONVERSION = YES;
				GCC_WARN_ABOUT_RETURN_TYPE = YES_ERROR;
				GCC_WARN_UNDECLARED_SELECTOR = YES;
				GCC_WARN_UNINITIALIZED_AUTOS = YES_AGGRESSIVE;
				GCC_WARN_UNUSED_FUNCTION = YES;
				GCC_WARN_UNUSED_VARIABLE = YES;
				IPHONEOS_DEPLOYMENT_TARGET = 9.0;
				MTL_ENABLE_DEBUG_INFO = NO;
				MTL_FAST_MATH = YES;
				SDKROOT = iphoneos;
				SWIFT_COMPILATION_MODE = wholemodule;
				SWIFT_OPTIMIZATION_LEVEL = "-O";
				VALIDATE_PRODUCT = YES;
			};
			name = Release;
		};
		70E71E5222C8F91E005674CD /* Debug */ = {
			isa = XCBuildConfiguration;
			buildSettings = {
				ALWAYS_EMBED_SWIFT_STANDARD_LIBRARIES = YES;
				ASSETCATALOG_COMPILER_APPICON_NAME = AppIcon;
				CODE_SIGN_STYLE = Automatic;
				INFOPLIST_FILE = "$(SRCROOT)/Example/Info.plist";
				LD_RUNPATH_SEARCH_PATHS = (
					"$(inherited)",
					"@executable_path/Frameworks",
				);
				PRODUCT_BUNDLE_IDENTIFIER = com.stefanomondino.PluginLayoutDemo;
				PRODUCT_NAME = "$(TARGET_NAME)";
				SWIFT_VERSION = 5.0;
				TARGETED_DEVICE_FAMILY = "1,2";
			};
			name = Debug;
		};
		70E71E5322C8F91E005674CD /* Release */ = {
			isa = XCBuildConfiguration;
			buildSettings = {
				ALWAYS_EMBED_SWIFT_STANDARD_LIBRARIES = YES;
				ASSETCATALOG_COMPILER_APPICON_NAME = AppIcon;
				CODE_SIGN_STYLE = Automatic;
				INFOPLIST_FILE = "$(SRCROOT)/Example/Info.plist";
				LD_RUNPATH_SEARCH_PATHS = (
					"$(inherited)",
					"@executable_path/Frameworks",
				);
				PRODUCT_BUNDLE_IDENTIFIER = com.stefanomondino.PluginLayoutDemo;
				PRODUCT_NAME = "$(TARGET_NAME)";
				SWIFT_VERSION = 5.0;
				TARGETED_DEVICE_FAMILY = "1,2";
			};
			name = Release;
		};
		70E71E6522C8F9B0005674CD /* Debug */ = {
			isa = XCBuildConfiguration;
			buildSettings = {
				CLANG_ENABLE_MODULES = YES;
				CODE_SIGN_IDENTITY = "";
				CODE_SIGN_STYLE = Automatic;
				CURRENT_PROJECT_VERSION = 1;
				DEFINES_MODULE = YES;
				DYLIB_COMPATIBILITY_VERSION = 1;
				DYLIB_CURRENT_VERSION = 1;
				DYLIB_INSTALL_NAME_BASE = "@rpath";
				INFOPLIST_FILE = "$(SRCROOT)/Sources/Info.plist";
				INSTALL_PATH = "$(LOCAL_LIBRARY_DIR)/Frameworks";
				LD_RUNPATH_SEARCH_PATHS = (
					"$(inherited)",
					"@executable_path/Frameworks",
					"@loader_path/Frameworks",
				);
				PRODUCT_BUNDLE_IDENTIFIER = com.stefanomondino.PluginLayout;
				PRODUCT_NAME = "$(TARGET_NAME:c99extidentifier)";
				SKIP_INSTALL = YES;
				SWIFT_OPTIMIZATION_LEVEL = "-Onone";
				SWIFT_VERSION = 5.0;
				TARGETED_DEVICE_FAMILY = "1,2";
				VERSIONING_SYSTEM = "apple-generic";
				VERSION_INFO_PREFIX = "";
			};
			name = Debug;
		};
		70E71E6622C8F9B0005674CD /* Release */ = {
			isa = XCBuildConfiguration;
			buildSettings = {
				CLANG_ENABLE_MODULES = YES;
				CODE_SIGN_IDENTITY = "";
				CODE_SIGN_STYLE = Automatic;
				CURRENT_PROJECT_VERSION = 1;
				DEFINES_MODULE = YES;
				DYLIB_COMPATIBILITY_VERSION = 1;
				DYLIB_CURRENT_VERSION = 1;
				DYLIB_INSTALL_NAME_BASE = "@rpath";
				INFOPLIST_FILE = "$(SRCROOT)/Sources/Info.plist";
				INSTALL_PATH = "$(LOCAL_LIBRARY_DIR)/Frameworks";
				LD_RUNPATH_SEARCH_PATHS = (
					"$(inherited)",
					"@executable_path/Frameworks",
					"@loader_path/Frameworks",
				);
				PRODUCT_BUNDLE_IDENTIFIER = com.stefanomondino.PluginLayout;
				PRODUCT_NAME = "$(TARGET_NAME:c99extidentifier)";
				SKIP_INSTALL = YES;
				SWIFT_VERSION = 5.0;
				TARGETED_DEVICE_FAMILY = "1,2";
				VERSIONING_SYSTEM = "apple-generic";
				VERSION_INFO_PREFIX = "";
			};
			name = Release;
		};
/* End XCBuildConfiguration section */

/* Begin XCConfigurationList section */
		70E71E3A22C8F91C005674CD /* Build configuration list for PBXProject "PluginLayout" */ = {
			isa = XCConfigurationList;
			buildConfigurations = (
				70E71E4F22C8F91E005674CD /* Debug */,
				70E71E5022C8F91E005674CD /* Release */,
			);
			defaultConfigurationIsVisible = 0;
			defaultConfigurationName = Release;
		};
		70E71E5122C8F91E005674CD /* Build configuration list for PBXNativeTarget "Example" */ = {
			isa = XCConfigurationList;
			buildConfigurations = (
				70E71E5222C8F91E005674CD /* Debug */,
				70E71E5322C8F91E005674CD /* Release */,
			);
			defaultConfigurationIsVisible = 0;
			defaultConfigurationName = Release;
		};
		70E71E6422C8F9B0005674CD /* Build configuration list for PBXNativeTarget "PluginLayout" */ = {
			isa = XCConfigurationList;
			buildConfigurations = (
				70E71E6522C8F9B0005674CD /* Debug */,
				70E71E6622C8F9B0005674CD /* Release */,
			);
			defaultConfigurationIsVisible = 0;
			defaultConfigurationName = Release;
		};
/* End XCConfigurationList section */
	};
	rootObject = 70E71E3722C8F91C005674CD /* Project object */;
}
